
Microsoft Visual Studio Solution File, Format Version 12.00
# Visual Studio 14
VisualStudioVersion = 14.0.25123.0
MinimumVisualStudioVersion = 10.0.40219.1
Project("{2150E333-8FDC-42A3-9474-1A3956D46DE8}") = "src", "src", "{CED4DAAF-4A2B-4ED6-B2A2-9E82A1BB3AD7}"
EndProject
Project("{2150E333-8FDC-42A3-9474-1A3956D46DE8}") = "Solution Items", "Solution Items", "{9FB0741B-BDC9-4DC5-B00F-DC676FDD6A02}"
	ProjectSection(SolutionItems) = preProject
		global.json = global.json
	EndProjectSection
EndProject
Project("{8BB2217D-0F2D-49D1-97BC-3654ED321F3B}") = "Geofy.WebAPI", "src\Geofy.WebAPi\Geofy.WebAPI.xproj", "{5A1442C1-7CCA-44C3-9441-9E036E0E78B6}"
EndProject
Project("{2150E333-8FDC-42A3-9474-1A3956D46DE8}") = "infrastructure", "infrastructure", "{9E282620-4532-4D64-9A56-E7F7745BF65F}"
EndProject
Project("{8BB2217D-0F2D-49D1-97BC-3654ED321F3B}") = "Geofy.Infrastructure.Domain", "infrastructure\Geofy.Infrastructure.Domain\Geofy.Infrastructure.Domain.xproj", "{9ABAB4F4-03FF-4123-A360-B524FB4401B4}"
EndProject
Project("{8BB2217D-0F2D-49D1-97BC-3654ED321F3B}") = "Geofy.Infrastructure.ServiceBus", "infrastructure\Geofy.Infrastructure.ServiceBus\Geofy.Infrastructure.ServiceBus.xproj", "{E93BC4AD-8E25-4DC6-83F0-F2B17E00462E}"
EndProject
Project("{8BB2217D-0F2D-49D1-97BC-3654ED321F3B}") = "Geofy.Infrastructure.ServiceBus.RabbitMq", "infrastructure\Geofy.Infrastructure.ServiceBus.RabbitMq\Geofy.Infrastructure.ServiceBus.RabbitMq.xproj", "{428646EA-5F9C-4D7B-AA67-A1357DD59B9E}"
EndProject
Project("{8BB2217D-0F2D-49D1-97BC-3654ED321F3B}") = "Geofy.Infrastructure.Domain.Mongo", "infrastructure\Geofy.Infrastructure.Domain.Mongo\Geofy.Infrastructure.Domain.Mongo.xproj", "{28AB8C11-FA5A-437B-B093-7BA884A721E2}"
EndProject
Project("{8BB2217D-0F2D-49D1-97BC-3654ED321F3B}") = "Geofy.Shared", "src\Geofy.Shared\Geofy.Shared.xproj", "{5B044537-1C2C-46C3-BC69-E5B414F7AD9C}"
EndProject
Project("{8BB2217D-0F2D-49D1-97BC-3654ED321F3B}") = "Geofy.ReadModels", "src\Geofy.ReadModels\Geofy.ReadModels.xproj", "{1D82869F-F6F3-4C0F-8417-6A99E3B1E0F3}"
EndProject
Project("{8BB2217D-0F2D-49D1-97BC-3654ED321F3B}") = "Geofy.Domain", "src\Geofy.Domain\Geofy.Domain.xproj", "{D5CD507B-747B-43D0-8CDA-66046215F98B}"
EndProject
Project("{8BB2217D-0F2D-49D1-97BC-3654ED321F3B}") = "Geofy.Domain.Commands", "src\Geofy.Domain.Commands\Geofy.Domain.Commands.xproj", "{D71B2CA8-A3C3-4B84-B55F-1DF23B2E1546}"
EndProject
Project("{8BB2217D-0F2D-49D1-97BC-3654ED321F3B}") = "Geofy.Domain.Events", "src\Geofy.Domain.Events\Geofy.Domain.Events.xproj", "{A55E0826-3FA4-442F-8E69-ABB45B0891A0}"
EndProject
Project("{8BB2217D-0F2D-49D1-97BC-3654ED321F3B}") = "Geofy.EventHandlers", "src\Geofy.EventHandlers\Geofy.EventHandlers.xproj", "{045B6D07-2480-40D3-8440-EC80B36C49CA}"
EndProject
Project("{8BB2217D-0F2D-49D1-97BC-3654ED321F3B}") = "Geofy.ReadModels.Services", "src\Geofy.ReadModels.Services\Geofy.ReadModels.Services.xproj", "{50DCBEC5-7B4F-44CB-AC7A-6DFC4329C9A8}"
EndProject
Project("{8BB2217D-0F2D-49D1-97BC-3654ED321F3B}") = "Geofy.Services", "src\Geofy.Services\Geofy.Services.xproj", "{060CFB7D-0609-4E19-8800-AA1E2900EE6C}"
EndProject
Project("{2150E333-8FDC-42A3-9474-1A3956D46DE8}") = "test", "test", "{4FC9CD22-CDDD-4740-9E2F-1D755E6E1780}"
EndProject
Project("{8BB2217D-0F2D-49D1-97BC-3654ED321F3B}") = "Geofy.Signals", "src\Geofy.Signals\Geofy.Signals.xproj", "{E389E4A2-3132-4A65-83C9-F8735C7B3C17}"
EndProject
Global
	GlobalSection(SolutionConfigurationPlatforms) = preSolution
		Debug|Any CPU = Debug|Any CPU
		Release|Any CPU = Release|Any CPU
	EndGlobalSection
	GlobalSection(ProjectConfigurationPlatforms) = postSolution
		{5A1442C1-7CCA-44C3-9441-9E036E0E78B6}.Debug|Any CPU.ActiveCfg = Debug|Any CPU
		{5A1442C1-7CCA-44C3-9441-9E036E0E78B6}.Debug|Any CPU.Build.0 = Debug|Any CPU
		{5A1442C1-7CCA-44C3-9441-9E036E0E78B6}.Release|Any CPU.ActiveCfg = Release|Any CPU
		{5A1442C1-7CCA-44C3-9441-9E036E0E78B6}.Release|Any CPU.Build.0 = Release|Any CPU
		{9ABAB4F4-03FF-4123-A360-B524FB4401B4}.Debug|Any CPU.ActiveCfg = Debug|Any CPU
		{9ABAB4F4-03FF-4123-A360-B524FB4401B4}.Debug|Any CPU.Build.0 = Debug|Any CPU
		{9ABAB4F4-03FF-4123-A360-B524FB4401B4}.Release|Any CPU.ActiveCfg = Release|Any CPU
		{9ABAB4F4-03FF-4123-A360-B524FB4401B4}.Release|Any CPU.Build.0 = Release|Any CPU
		{E93BC4AD-8E25-4DC6-83F0-F2B17E00462E}.Debug|Any CPU.ActiveCfg = Debug|Any CPU
		{E93BC4AD-8E25-4DC6-83F0-F2B17E00462E}.Debug|Any CPU.Build.0 = Debug|Any CPU
		{E93BC4AD-8E25-4DC6-83F0-F2B17E00462E}.Release|Any CPU.ActiveCfg = Release|Any CPU
		{E93BC4AD-8E25-4DC6-83F0-F2B17E00462E}.Release|Any CPU.Build.0 = Release|Any CPU
		{428646EA-5F9C-4D7B-AA67-A1357DD59B9E}.Debug|Any CPU.ActiveCfg = Debug|Any CPU
		{428646EA-5F9C-4D7B-AA67-A1357DD59B9E}.Debug|Any CPU.Build.0 = Debug|Any CPU
		{428646EA-5F9C-4D7B-AA67-A1357DD59B9E}.Release|Any CPU.ActiveCfg = Release|Any CPU
		{428646EA-5F9C-4D7B-AA67-A1357DD59B9E}.Release|Any CPU.Build.0 = Release|Any CPU
		{28AB8C11-FA5A-437B-B093-7BA884A721E2}.Debug|Any CPU.ActiveCfg = Debug|Any CPU
		{28AB8C11-FA5A-437B-B093-7BA884A721E2}.Debug|Any CPU.Build.0 = Debug|Any CPU
		{28AB8C11-FA5A-437B-B093-7BA884A721E2}.Release|Any CPU.ActiveCfg = Release|Any CPU
		{28AB8C11-FA5A-437B-B093-7BA884A721E2}.Release|Any CPU.Build.0 = Release|Any CPU
		{5B044537-1C2C-46C3-BC69-E5B414F7AD9C}.Debug|Any CPU.ActiveCfg = Debug|Any CPU
		{5B044537-1C2C-46C3-BC69-E5B414F7AD9C}.Debug|Any CPU.Build.0 = Debug|Any CPU
		{5B044537-1C2C-46C3-BC69-E5B414F7AD9C}.Release|Any CPU.ActiveCfg = Release|Any CPU
		{5B044537-1C2C-46C3-BC69-E5B414F7AD9C}.Release|Any CPU.Build.0 = Release|Any CPU
		{1D82869F-F6F3-4C0F-8417-6A99E3B1E0F3}.Debug|Any CPU.ActiveCfg = Debug|Any CPU
		{1D82869F-F6F3-4C0F-8417-6A99E3B1E0F3}.Debug|Any CPU.Build.0 = Debug|Any CPU
		{1D82869F-F6F3-4C0F-8417-6A99E3B1E0F3}.Release|Any CPU.ActiveCfg = Release|Any CPU
		{1D82869F-F6F3-4C0F-8417-6A99E3B1E0F3}.Release|Any CPU.Build.0 = Release|Any CPU
		{D5CD507B-747B-43D0-8CDA-66046215F98B}.Debug|Any CPU.ActiveCfg = Debug|Any CPU
		{D5CD507B-747B-43D0-8CDA-66046215F98B}.Debug|Any CPU.Build.0 = Debug|Any CPU
		{D5CD507B-747B-43D0-8CDA-66046215F98B}.Release|Any CPU.ActiveCfg = Release|Any CPU
		{D5CD507B-747B-43D0-8CDA-66046215F98B}.Release|Any CPU.Build.0 = Release|Any CPU
		{D71B2CA8-A3C3-4B84-B55F-1DF23B2E1546}.Debug|Any CPU.ActiveCfg = Debug|Any CPU
		{D71B2CA8-A3C3-4B84-B55F-1DF23B2E1546}.Debug|Any CPU.Build.0 = Debug|Any CPU
		{D71B2CA8-A3C3-4B84-B55F-1DF23B2E1546}.Release|Any CPU.ActiveCfg = Release|Any CPU
		{D71B2CA8-A3C3-4B84-B55F-1DF23B2E1546}.Release|Any CPU.Build.0 = Release|Any CPU
		{A55E0826-3FA4-442F-8E69-ABB45B0891A0}.Debug|Any CPU.ActiveCfg = Debug|Any CPU
		{A55E0826-3FA4-442F-8E69-ABB45B0891A0}.Debug|Any CPU.Build.0 = Debug|Any CPU
		{A55E0826-3FA4-442F-8E69-ABB45B0891A0}.Release|Any CPU.ActiveCfg = Release|Any CPU
		{A55E0826-3FA4-442F-8E69-ABB45B0891A0}.Release|Any CPU.Build.0 = Release|Any CPU
		{045B6D07-2480-40D3-8440-EC80B36C49CA}.Debug|Any CPU.ActiveCfg = Debug|Any CPU
		{045B6D07-2480-40D3-8440-EC80B36C49CA}.Debug|Any CPU.Build.0 = Debug|Any CPU
		{045B6D07-2480-40D3-8440-EC80B36C49CA}.Release|Any CPU.ActiveCfg = Release|Any CPU
		{045B6D07-2480-40D3-8440-EC80B36C49CA}.Release|Any CPU.Build.0 = Release|Any CPU
		{50DCBEC5-7B4F-44CB-AC7A-6DFC4329C9A8}.Debug|Any CPU.ActiveCfg = Debug|Any CPU
		{50DCBEC5-7B4F-44CB-AC7A-6DFC4329C9A8}.Debug|Any CPU.Build.0 = Debug|Any CPU
		{50DCBEC5-7B4F-44CB-AC7A-6DFC4329C9A8}.Release|Any CPU.ActiveCfg = Release|Any CPU
		{50DCBEC5-7B4F-44CB-AC7A-6DFC4329C9A8}.Release|Any CPU.Build.0 = Release|Any CPU
		{060CFB7D-0609-4E19-8800-AA1E2900EE6C}.Debug|Any CPU.ActiveCfg = Debug|Any CPU
		{060CFB7D-0609-4E19-8800-AA1E2900EE6C}.Debug|Any CPU.Build.0 = Debug|Any CPU
		{060CFB7D-0609-4E19-8800-AA1E2900EE6C}.Release|Any CPU.ActiveCfg = Release|Any CPU
		{060CFB7D-0609-4E19-8800-AA1E2900EE6C}.Release|Any CPU.Build.0 = Release|Any CPU
		{E389E4A2-3132-4A65-83C9-F8735C7B3C17}.Debug|Any CPU.ActiveCfg = Debug|Any CPU
		{E389E4A2-3132-4A65-83C9-F8735C7B3C17}.Debug|Any CPU.Build.0 = Debug|Any CPU
		{E389E4A2-3132-4A65-83C9-F8735C7B3C17}.Release|Any CPU.ActiveCfg = Release|Any CPU
		{E389E4A2-3132-4A65-83C9-F8735C7B3C17}.Release|Any CPU.Build.0 = Release|Any CPU
	EndGlobalSection
	GlobalSection(SolutionProperties) = preSolution
		HideSolutionNode = FALSE
	EndGlobalSection
	GlobalSection(NestedProjects) = preSolution
		{5A1442C1-7CCA-44C3-9441-9E036E0E78B6} = {CED4DAAF-4A2B-4ED6-B2A2-9E82A1BB3AD7}
		{9ABAB4F4-03FF-4123-A360-B524FB4401B4} = {9E282620-4532-4D64-9A56-E7F7745BF65F}
		{E93BC4AD-8E25-4DC6-83F0-F2B17E00462E} = {9E282620-4532-4D64-9A56-E7F7745BF65F}
		{428646EA-5F9C-4D7B-AA67-A1357DD59B9E} = {9E282620-4532-4D64-9A56-E7F7745BF65F}
		{28AB8C11-FA5A-437B-B093-7BA884A721E2} = {9E282620-4532-4D64-9A56-E7F7745BF65F}
		{5B044537-1C2C-46C3-BC69-E5B414F7AD9C} = {CED4DAAF-4A2B-4ED6-B2A2-9E82A1BB3AD7}
		{1D82869F-F6F3-4C0F-8417-6A99E3B1E0F3} = {CED4DAAF-4A2B-4ED6-B2A2-9E82A1BB3AD7}
		{D5CD507B-747B-43D0-8CDA-66046215F98B} = {CED4DAAF-4A2B-4ED6-B2A2-9E82A1BB3AD7}
		{D71B2CA8-A3C3-4B84-B55F-1DF23B2E1546} = {CED4DAAF-4A2B-4ED6-B2A2-9E82A1BB3AD7}
		{A55E0826-3FA4-442F-8E69-ABB45B0891A0} = {CED4DAAF-4A2B-4ED6-B2A2-9E82A1BB3AD7}
		{045B6D07-2480-40D3-8440-EC80B36C49CA} = {CED4DAAF-4A2B-4ED6-B2A2-9E82A1BB3AD7}
		{50DCBEC5-7B4F-44CB-AC7A-6DFC4329C9A8} = {CED4DAAF-4A2B-4ED6-B2A2-9E82A1BB3AD7}
		{060CFB7D-0609-4E19-8800-AA1E2900EE6C} = {CED4DAAF-4A2B-4ED6-B2A2-9E82A1BB3AD7}
		{E389E4A2-3132-4A65-83C9-F8735C7B3C17} = {CED4DAAF-4A2B-4ED6-B2A2-9E82A1BB3AD7}
	EndGlobalSection
EndGlobal
